
Microsoft Visual Studio Solution File, Format Version 12.00
# Visual Studio Version 16
VisualStudioVersion = 16.0.30204.135
MinimumVisualStudioVersion = 10.0.40219.1
Project("{FAE04EC0-301F-11D3-BF4B-00C04F79EFBC}") = "had", "had\had.csproj", "{4F388975-3DD7-4B29-B532-C60F849FFC52}"
EndProject
Global
	GlobalSection(SolutionConfigurationPlatforms) = preSolution
		Debug|Any CPU = Debug|Any CPU
		Release|Any CPU = Release|Any CPU
	EndGlobalSection
	GlobalSection(ProjectConfigurationPlatforms) = postSolution
		{4F388975-3DD7-4B29-B532-C60F849FFC52}.Debug|Any CPU.ActiveCfg = Debug|Any CPU
		{4F388975-3DD7-4B29-B532-C60F849FFC52}.Debug|Any CPU.Build.0 = Debug|Any CPU
		{4F388975-3DD7-4B29-B532-C60F849FFC52}.Release|Any CPU.ActiveCfg = Release|Any CPU
		{4F388975-3DD7-4B29-B532-C60F849FFC52}.Release|Any CPU.Build.0 = Release|Any CPU
	EndGlobalSection
	GlobalSection(SolutionProperties) = preSolution
		HideSolutionNode = FALSE
	EndGlobalSection
	GlobalSection(ExtensibilityGlobals) = postSolution
		SolutionGuid = {390D1244-11CF-4DFA-BE79-E7A13C8EEEC0}
	EndGlobalSection
EndGlobal
